
Microsoft Visual Studio Solution File, Format Version 12.00
# Visual Studio Version 17
VisualStudioVersion = 17.9.34902.65
MinimumVisualStudioVersion = 10.0.40219.1
Project("{9A19103F-16F7-4668-BE54-9A1E7A4F7556}") = "FirstConsoleApp", "FirstConsoleApp\FirstConsoleApp.csproj", "{2A519E66-97EC-4CB1-9450-A3929C6896DD}"
EndProject
Project("{FAE04EC0-301F-11D3-BF4B-00C04F79EFBC}") = "WebStoryFroEveryting", "WebStoryFroEveryting\WebStoryFroEveryting.csproj", "{53E96025-2829-432E-8406-251E80B1E668}"
EndProject
Project("{FAE04EC0-301F-11D3-BF4B-00C04F79EFBC}") = "UnderwaterHunterProject", "UnderwaterHunterProject\UnderwaterHunterProject.csproj", "{D313B87F-4D7D-4DAB-BDEB-2482F5874F7F}"
EndProject
Global
	GlobalSection(SolutionConfigurationPlatforms) = preSolution
		Debug|Any CPU = Debug|Any CPU
		Release|Any CPU = Release|Any CPU
	EndGlobalSection
	GlobalSection(ProjectConfigurationPlatforms) = postSolution
		{2A519E66-97EC-4CB1-9450-A3929C6896DD}.Debug|Any CPU.ActiveCfg = Debug|Any CPU
		{2A519E66-97EC-4CB1-9450-A3929C6896DD}.Debug|Any CPU.Build.0 = Debug|Any CPU
		{2A519E66-97EC-4CB1-9450-A3929C6896DD}.Release|Any CPU.ActiveCfg = Release|Any CPU
		{2A519E66-97EC-4CB1-9450-A3929C6896DD}.Release|Any CPU.Build.0 = Release|Any CPU
		{53E96025-2829-432E-8406-251E80B1E668}.Debug|Any CPU.ActiveCfg = Debug|Any CPU
		{53E96025-2829-432E-8406-251E80B1E668}.Debug|Any CPU.Build.0 = Debug|Any CPU
		{53E96025-2829-432E-8406-251E80B1E668}.Release|Any CPU.ActiveCfg = Release|Any CPU
		{53E96025-2829-432E-8406-251E80B1E668}.Release|Any CPU.Build.0 = Release|Any CPU
		{D313B87F-4D7D-4DAB-BDEB-2482F5874F7F}.Debug|Any CPU.ActiveCfg = Debug|Any CPU
		{D313B87F-4D7D-4DAB-BDEB-2482F5874F7F}.Debug|Any CPU.Build.0 = Debug|Any CPU
		{D313B87F-4D7D-4DAB-BDEB-2482F5874F7F}.Release|Any CPU.ActiveCfg = Release|Any CPU
		{D313B87F-4D7D-4DAB-BDEB-2482F5874F7F}.Release|Any CPU.Build.0 = Release|Any CPU
	EndGlobalSection
	GlobalSection(SolutionProperties) = preSolution
		HideSolutionNode = FALSE
	EndGlobalSection
	GlobalSection(ExtensibilityGlobals) = postSolution
		SolutionGuid = {097CE396-212F-435C-88B9-717DDBC3FE0D}
	EndGlobalSection
EndGlobal
